
Microsoft Visual Studio Solution File, Format Version 12.00
# Visual Studio 15
VisualStudioVersion = 15.0.28307.757
MinimumVisualStudioVersion = 10.0.40219.1
Project("{FAE04EC0-301F-11D3-BF4B-00C04F79EFBC}") = "WebView2.WinForms", "WebView2.WinForms\WebView2.WinForms.csproj", "{5CECFA1A-348F-49A1-B50D-EDCD5000245E}"
EndProject
Project("{FAE04EC0-301F-11D3-BF4B-00C04F79EFBC}") = "WebView2.Wpf", "WebView2.Wpf\WebView2.Wpf.csproj", "{A910F870-4ADD-4C47-A89F-245F9CF33250}"
EndProject
Project("{FAE04EC0-301F-11D3-BF4B-00C04F79EFBC}") = "WebView2.WinForms.Sample", "WebView2.WinForms.Sample\WebView2.WinForms.Sample.csproj", "{32ACF230-7992-4833-8A91-54D8276085E5}"
	ProjectSection(ProjectDependencies) = postProject
		{DEA78F26-56AA-4E90-9017-14766742CE1F} = {DEA78F26-56AA-4E90-9017-14766742CE1F}
	EndProjectSection
EndProject
Project("{8BC9CEB8-8B4A-11D0-8D11-00A0C91BC942}") = "RemoteComObject", "RemoteComObject\RemoteComObject.vcxproj", "{DEA78F26-56AA-4E90-9017-14766742CE1F}"
EndProject
Project("{FAE04EC0-301F-11D3-BF4B-00C04F79EFBC}") = "WebView2.Wpf.Sample", "WebView2.Wpf.Sample\WebView2.Wpf.Sample.csproj", "{7793EA19-6264-4F50-AA2F-9C54D9791EAC}"
EndProject
Global
	GlobalSection(SolutionConfigurationPlatforms) = preSolution
		Debug|Any CPU = Debug|Any CPU
		Debug|x64 = Debug|x64
		Debug|x86 = Debug|x86
		Release|Any CPU = Release|Any CPU
		Release|x64 = Release|x64
		Release|x86 = Release|x86
	EndGlobalSection
	GlobalSection(ProjectConfigurationPlatforms) = postSolution
		{5CECFA1A-348F-49A1-B50D-EDCD5000245E}.Debug|Any CPU.ActiveCfg = Debug|Any CPU
		{5CECFA1A-348F-49A1-B50D-EDCD5000245E}.Debug|Any CPU.Build.0 = Debug|Any CPU
		{5CECFA1A-348F-49A1-B50D-EDCD5000245E}.Debug|x64.ActiveCfg = Debug|Any CPU
		{5CECFA1A-348F-49A1-B50D-EDCD5000245E}.Debug|x64.Build.0 = Debug|Any CPU
		{5CECFA1A-348F-49A1-B50D-EDCD5000245E}.Debug|x86.ActiveCfg = Debug|Win32
		{5CECFA1A-348F-49A1-B50D-EDCD5000245E}.Debug|x86.Build.0 = Debug|Win32
		{5CECFA1A-348F-49A1-B50D-EDCD5000245E}.Release|Any CPU.ActiveCfg = Release|Any CPU
		{5CECFA1A-348F-49A1-B50D-EDCD5000245E}.Release|Any CPU.Build.0 = Release|Any CPU
		{5CECFA1A-348F-49A1-B50D-EDCD5000245E}.Release|x64.ActiveCfg = Release|Any CPU
		{5CECFA1A-348F-49A1-B50D-EDCD5000245E}.Release|x64.Build.0 = Release|Any CPU
		{5CECFA1A-348F-49A1-B50D-EDCD5000245E}.Release|x86.ActiveCfg = Release|Win32
		{5CECFA1A-348F-49A1-B50D-EDCD5000245E}.Release|x86.Build.0 = Release|Win32
		{A910F870-4ADD-4C47-A89F-245F9CF33250}.Debug|Any CPU.ActiveCfg = Debug|Any CPU
		{A910F870-4ADD-4C47-A89F-245F9CF33250}.Debug|Any CPU.Build.0 = Debug|Any CPU
		{A910F870-4ADD-4C47-A89F-245F9CF33250}.Debug|x64.ActiveCfg = Debug|Any CPU
		{A910F870-4ADD-4C47-A89F-245F9CF33250}.Debug|x64.Build.0 = Debug|Any CPU
		{A910F870-4ADD-4C47-A89F-245F9CF33250}.Debug|x86.ActiveCfg = Debug|Win32
		{A910F870-4ADD-4C47-A89F-245F9CF33250}.Debug|x86.Build.0 = Debug|Win32
		{A910F870-4ADD-4C47-A89F-245F9CF33250}.Release|Any CPU.ActiveCfg = Release|Any CPU
		{A910F870-4ADD-4C47-A89F-245F9CF33250}.Release|Any CPU.Build.0 = Release|Any CPU
		{A910F870-4ADD-4C47-A89F-245F9CF33250}.Release|x64.ActiveCfg = Release|Any CPU
		{A910F870-4ADD-4C47-A89F-245F9CF33250}.Release|x64.Build.0 = Release|Any CPU
		{A910F870-4ADD-4C47-A89F-245F9CF33250}.Release|x86.ActiveCfg = Release|Win32
		{A910F870-4ADD-4C47-A89F-245F9CF33250}.Release|x86.Build.0 = Release|Win32
		{32ACF230-7992-4833-8A91-54D8276085E5}.Debug|Any CPU.ActiveCfg = Debug|Any CPU
		{32ACF230-7992-4833-8A91-54D8276085E5}.Debug|Any CPU.Build.0 = Debug|Any CPU
		{32ACF230-7992-4833-8A91-54D8276085E5}.Debug|x64.ActiveCfg = Debug|Any CPU
		{32ACF230-7992-4833-8A91-54D8276085E5}.Debug|x64.Build.0 = Debug|Any CPU
		{32ACF230-7992-4833-8A91-54D8276085E5}.Debug|x86.ActiveCfg = Debug|Win32
		{32ACF230-7992-4833-8A91-54D8276085E5}.Debug|x86.Build.0 = Debug|Win32
		{32ACF230-7992-4833-8A91-54D8276085E5}.Release|Any CPU.ActiveCfg = Release|Any CPU
		{32ACF230-7992-4833-8A91-54D8276085E5}.Release|Any CPU.Build.0 = Release|Any CPU
		{32ACF230-7992-4833-8A91-54D8276085E5}.Release|x64.ActiveCfg = Release|Any CPU
		{32ACF230-7992-4833-8A91-54D8276085E5}.Release|x64.Build.0 = Release|Any CPU
		{32ACF230-7992-4833-8A91-54D8276085E5}.Release|x86.ActiveCfg = Release|Win32
		{32ACF230-7992-4833-8A91-54D8276085E5}.Release|x86.Build.0 = Release|Win32
		{DEA78F26-56AA-4E90-9017-14766742CE1F}.Debug|Any CPU.ActiveCfg = Debug|Win32
		{DEA78F26-56AA-4E90-9017-14766742CE1F}.Debug|Any CPU.Build.0 = Debug|Win32
		{DEA78F26-56AA-4E90-9017-14766742CE1F}.Debug|x64.ActiveCfg = Debug|x64
		{DEA78F26-56AA-4E90-9017-14766742CE1F}.Debug|x64.Build.0 = Debug|x64
		{DEA78F26-56AA-4E90-9017-14766742CE1F}.Debug|x86.ActiveCfg = Debug|Win32
		{DEA78F26-56AA-4E90-9017-14766742CE1F}.Debug|x86.Build.0 = Debug|Win32
		{DEA78F26-56AA-4E90-9017-14766742CE1F}.Release|Any CPU.ActiveCfg = Release|Win32
		{DEA78F26-56AA-4E90-9017-14766742CE1F}.Release|x64.ActiveCfg = Release|x64
		{DEA78F26-56AA-4E90-9017-14766742CE1F}.Release|x64.Build.0 = Release|x64
		{DEA78F26-56AA-4E90-9017-14766742CE1F}.Release|x86.ActiveCfg = Release|Win32
		{DEA78F26-56AA-4E90-9017-14766742CE1F}.Release|x86.Build.0 = Release|Win32
		{7793EA19-6264-4F50-AA2F-9C54D9791EAC}.Debug|Any CPU.ActiveCfg = Debug|Any CPU
		{7793EA19-6264-4F50-AA2F-9C54D9791EAC}.Debug|Any CPU.Build.0 = Debug|Any CPU
		{7793EA19-6264-4F50-AA2F-9C54D9791EAC}.Debug|x64.ActiveCfg = Debug|Any CPU
		{7793EA19-6264-4F50-AA2F-9C54D9791EAC}.Debug|x64.Build.0 = Debug|Any CPU
		{7793EA19-6264-4F50-AA2F-9C54D9791EAC}.Debug|x86.ActiveCfg = Debug|Any CPU
		{7793EA19-6264-4F50-AA2F-9C54D9791EAC}.Debug|x86.Build.0 = Debug|Any CPU
		{7793EA19-6264-4F50-AA2F-9C54D9791EAC}.Release|Any CPU.ActiveCfg = Release|Any CPU
		{7793EA19-6264-4F50-AA2F-9C54D9791EAC}.Release|Any CPU.Build.0 = Release|Any CPU
		{7793EA19-6264-4F50-AA2F-9C54D9791EAC}.Release|x64.ActiveCfg = Release|Any CPU
		{7793EA19-6264-4F50-AA2F-9C54D9791EAC}.Release|x64.Build.0 = Release|Any CPU
		{7793EA19-6264-4F50-AA2F-9C54D9791EAC}.Release|x86.ActiveCfg = Release|Any CPU
		{7793EA19-6264-4F50-AA2F-9C54D9791EAC}.Release|x86.Build.0 = Release|Any CPU
	EndGlobalSection
	GlobalSection(SolutionProperties) = preSolution
		HideSolutionNode = FALSE
	EndGlobalSection
	GlobalSection(ExtensibilityGlobals) = postSolution
		SolutionGuid = {6C40EBE2-3B65-414D-B912-E0E4D260775A}
	EndGlobalSection
EndGlobal
